{
  "name": "xymusic",
  "version": "1.0.0",
  "lockfileVersion": 2,
  "requires": true,
  "packages": {
    "": {
      "name": "xymusic",
      "version": "1.0.0",
      "license": "ISC",
      "dependencies": {
        "@vant/weapp": "^1.10.1"
      },
      "devDependencies": {
        "prettier": "^2.5.1"
      }
    },
    "node_modules/@vant/weapp": {
      "version": "1.10.1",
      "resolved": "https://registry.npmjs.org/@vant/weapp/-/weapp-1.10.1.tgz",
      "integrity": "sha512-IdD57pOfhqtzL1LiNLVpCTmSClSX1YyBSy2yLk81KZTjjqFePPNZriSxmx2vdns+S/JpwsQFQ1PprdxD2+Rd9w=="
    },
    "node_modules/prettier": {
      "version": "2.5.1",
      "resolved": "https://registry.npmjs.org/prettier/-/prettier-2.5.1.tgz",
      "integrity": "sha512-vBZcPRUR5MZJwoyi3ZoyQlc1rXeEck8KgeC9AwwOn+exuxLxq5toTRDTSaVrXHxelDMHy9zlicw8u66yxoSUFg==",
      "dev": true,
      "bin": {
        "prettier": "bin-prettier.js"
      },
      "engines": {
        "node": ">=10.13.0"
      }
    }
  },
  "dependencies": {
    "@vant/weapp": {
      "version": "1.10.1",
      "resolved": "https://registry.npmjs.org/@vant/weapp/-/weapp-1.10.1.tgz",
      "integrity": "sha512-IdD57pOfhqtzL1LiNLVpCTmSClSX1YyBSy2yLk81KZTjjqFePPNZriSxmx2vdns+S/JpwsQFQ1PprdxD2+Rd9w=="
    },
    "prettier": {
      "version": "2.5.1",
      "resolved": "https://registry.npmjs.org/prettier/-/prettier-2.5.1.tgz",
      "integrity": "sha512-vBZcPRUR5MZJwoyi3ZoyQlc1rXeEck8KgeC9AwwOn+exuxLxq5toTRDTSaVrXHxelDMHy9zlicw8u66yxoSUFg==",
      "dev": true
    }
  }
}
